
Microsoft Visual Studio Solution File, Format Version 12.00
# Visual Studio 2012
Project("{FAE04EC0-301F-11D3-BF4B-00C04F79EFBC}") = "NVUIGradientButton-Mono-Sample", "NVUIGradientButton-Mono-Sample\NVUIGradientButton-Mono-Sample.csproj", "{7824B9FF-ECA5-4239-8BDF-58C9200E8AA5}"
EndProject
Global
	GlobalSection(SolutionConfigurationPlatforms) = preSolution
		Debug|iPhoneSimulator = Debug|iPhoneSimulator
		Release|iPhoneSimulator = Release|iPhoneSimulator
		Debug|iPhone = Debug|iPhone
		Release|iPhone = Release|iPhone
		Ad-Hoc|iPhone = Ad-Hoc|iPhone
		AppStore|iPhone = AppStore|iPhone
	EndGlobalSection
	GlobalSection(ProjectConfigurationPlatforms) = postSolution
		{7824B9FF-ECA5-4239-8BDF-58C9200E8AA5}.Ad-Hoc|iPhone.ActiveCfg = Ad-Hoc|iPhone
		{7824B9FF-ECA5-4239-8BDF-58C9200E8AA5}.Ad-Hoc|iPhone.Build.0 = Ad-Hoc|iPhone
		{7824B9FF-ECA5-4239-8BDF-58C9200E8AA5}.AppStore|iPhone.ActiveCfg = AppStore|iPhone
		{7824B9FF-ECA5-4239-8BDF-58C9200E8AA5}.AppStore|iPhone.Build.0 = AppStore|iPhone
		{7824B9FF-ECA5-4239-8BDF-58C9200E8AA5}.Debug|iPhone.ActiveCfg = Debug|iPhone
		{7824B9FF-ECA5-4239-8BDF-58C9200E8AA5}.Debug|iPhone.Build.0 = Debug|iPhone
		{7824B9FF-ECA5-4239-8BDF-58C9200E8AA5}.Debug|iPhoneSimulator.ActiveCfg = Debug|iPhoneSimulator
		{7824B9FF-ECA5-4239-8BDF-58C9200E8AA5}.Debug|iPhoneSimulator.Build.0 = Debug|iPhoneSimulator
		{7824B9FF-ECA5-4239-8BDF-58C9200E8AA5}.Release|iPhone.ActiveCfg = Release|iPhone
		{7824B9FF-ECA5-4239-8BDF-58C9200E8AA5}.Release|iPhone.Build.0 = Release|iPhone
		{7824B9FF-ECA5-4239-8BDF-58C9200E8AA5}.Release|iPhoneSimulator.ActiveCfg = Release|iPhoneSimulator
		{7824B9FF-ECA5-4239-8BDF-58C9200E8AA5}.Release|iPhoneSimulator.Build.0 = Release|iPhoneSimulator
	EndGlobalSection
	GlobalSection(MonoDevelopProperties) = preSolution
		StartupItem = NVUIGradientButton-Mono-Sample\NVUIGradientButton-Mono-Sample.csproj
	EndGlobalSection
EndGlobal
